
Microsoft Visual Studio Solution File, Format Version 12.00
# Visual Studio Version 17
VisualStudioVersion = 17.3.32901.215
MinimumVisualStudioVersion = 10.0.40219.1
Project("{FAE04EC0-301F-11D3-BF4B-00C04F79EFBC}") = "01. Unique Usernames", "01. Unique Usernames\01. Unique Usernames.csproj", "{16C9C639-D532-4224-AD71-BBB87C59D827}"
EndProject
Global
	GlobalSection(SolutionConfigurationPlatforms) = preSolution
		Debug|Any CPU = Debug|Any CPU
		Release|Any CPU = Release|Any CPU
	EndGlobalSection
	GlobalSection(ProjectConfigurationPlatforms) = postSolution
		{16C9C639-D532-4224-AD71-BBB87C59D827}.Debug|Any CPU.ActiveCfg = Debug|Any CPU
		{16C9C639-D532-4224-AD71-BBB87C59D827}.Debug|Any CPU.Build.0 = Debug|Any CPU
		{16C9C639-D532-4224-AD71-BBB87C59D827}.Release|Any CPU.ActiveCfg = Release|Any CPU
		{16C9C639-D532-4224-AD71-BBB87C59D827}.Release|Any CPU.Build.0 = Release|Any CPU
	EndGlobalSection
	GlobalSection(SolutionProperties) = preSolution
		HideSolutionNode = FALSE
	EndGlobalSection
	GlobalSection(ExtensibilityGlobals) = postSolution
		SolutionGuid = {3D0E5F08-4636-488D-9463-6DA80551CD60}
	EndGlobalSection
EndGlobal
