
Microsoft Visual Studio Solution File, Format Version 12.00
# Visual Studio Version 17
VisualStudioVersion = 17.3.32901.215
MinimumVisualStudioVersion = 10.0.40219.1
Project("{FAE04EC0-301F-11D3-BF4B-00C04F79EFBC}") = "01. Unique Usernames", "01. Unique Usernames\01. Unique Usernames.csproj", "{16C9C639-D532-4224-AD71-BBB87C59D827}"
EndProject
Project("{FAE04EC0-301F-11D3-BF4B-00C04F79EFBC}") = "02. Sets of Elements", "02. Sets of Elements\02. Sets of Elements.csproj", "{0CD61073-7E57-49B6-B317-3EF91FDB8EB1}"
EndProject
Project("{FAE04EC0-301F-11D3-BF4B-00C04F79EFBC}") = "03. Periodic Table", "03. Periodic Table\03. Periodic Table.csproj", "{60879443-62E0-48D9-AB7F-1608E4127EEE}"
EndProject
Project("{FAE04EC0-301F-11D3-BF4B-00C04F79EFBC}") = "04. Even Times", "04. Even Times\04. Even Times.csproj", "{60AD05CB-96DE-4C0A-B02D-B066A98D7510}"
EndProject
Project("{FAE04EC0-301F-11D3-BF4B-00C04F79EFBC}") = "05. Count Symbols", "05. Count Symbols\05. Count Symbols.csproj", "{E2F363EF-EAA0-47BC-9D6C-3FD86DF2EB7E}"
EndProject
Global
	GlobalSection(SolutionConfigurationPlatforms) = preSolution
		Debug|Any CPU = Debug|Any CPU
		Release|Any CPU = Release|Any CPU
	EndGlobalSection
	GlobalSection(ProjectConfigurationPlatforms) = postSolution
		{16C9C639-D532-4224-AD71-BBB87C59D827}.Debug|Any CPU.ActiveCfg = Debug|Any CPU
		{16C9C639-D532-4224-AD71-BBB87C59D827}.Debug|Any CPU.Build.0 = Debug|Any CPU
		{16C9C639-D532-4224-AD71-BBB87C59D827}.Release|Any CPU.ActiveCfg = Release|Any CPU
		{16C9C639-D532-4224-AD71-BBB87C59D827}.Release|Any CPU.Build.0 = Release|Any CPU
		{0CD61073-7E57-49B6-B317-3EF91FDB8EB1}.Debug|Any CPU.ActiveCfg = Debug|Any CPU
		{0CD61073-7E57-49B6-B317-3EF91FDB8EB1}.Debug|Any CPU.Build.0 = Debug|Any CPU
		{0CD61073-7E57-49B6-B317-3EF91FDB8EB1}.Release|Any CPU.ActiveCfg = Release|Any CPU
		{0CD61073-7E57-49B6-B317-3EF91FDB8EB1}.Release|Any CPU.Build.0 = Release|Any CPU
		{60879443-62E0-48D9-AB7F-1608E4127EEE}.Debug|Any CPU.ActiveCfg = Debug|Any CPU
		{60879443-62E0-48D9-AB7F-1608E4127EEE}.Debug|Any CPU.Build.0 = Debug|Any CPU
		{60879443-62E0-48D9-AB7F-1608E4127EEE}.Release|Any CPU.ActiveCfg = Release|Any CPU
		{60879443-62E0-48D9-AB7F-1608E4127EEE}.Release|Any CPU.Build.0 = Release|Any CPU
		{60AD05CB-96DE-4C0A-B02D-B066A98D7510}.Debug|Any CPU.ActiveCfg = Debug|Any CPU
		{60AD05CB-96DE-4C0A-B02D-B066A98D7510}.Debug|Any CPU.Build.0 = Debug|Any CPU
		{60AD05CB-96DE-4C0A-B02D-B066A98D7510}.Release|Any CPU.ActiveCfg = Release|Any CPU
		{60AD05CB-96DE-4C0A-B02D-B066A98D7510}.Release|Any CPU.Build.0 = Release|Any CPU
		{E2F363EF-EAA0-47BC-9D6C-3FD86DF2EB7E}.Debug|Any CPU.ActiveCfg = Debug|Any CPU
		{E2F363EF-EAA0-47BC-9D6C-3FD86DF2EB7E}.Debug|Any CPU.Build.0 = Debug|Any CPU
		{E2F363EF-EAA0-47BC-9D6C-3FD86DF2EB7E}.Release|Any CPU.ActiveCfg = Release|Any CPU
		{E2F363EF-EAA0-47BC-9D6C-3FD86DF2EB7E}.Release|Any CPU.Build.0 = Release|Any CPU
	EndGlobalSection
	GlobalSection(SolutionProperties) = preSolution
		HideSolutionNode = FALSE
	EndGlobalSection
	GlobalSection(ExtensibilityGlobals) = postSolution
		SolutionGuid = {3D0E5F08-4636-488D-9463-6DA80551CD60}
	EndGlobalSection
EndGlobal
