
Microsoft Visual Studio Solution File, Format Version 12.00
# Visual Studio Version 17
VisualStudioVersion = 17.3.32901.215
MinimumVisualStudioVersion = 10.0.40219.1
Project("{9A19103F-16F7-4668-BE54-9A1E7A4F7556}") = "Drones", "Drones\Drones.csproj", "{7DE1CBA8-D2A6-4ACE-80BA-D3A4BE5EBCB4}"
EndProject
Project("{FAE04EC0-301F-11D3-BF4B-00C04F79EFBC}") = "Blacksmith", "Blacksmith\Blacksmith.csproj", "{67AA12B5-7905-44FC-AE97-BB7FBEAABAB3}"
EndProject
Project("{FAE04EC0-301F-11D3-BF4B-00C04F79EFBC}") = "Armory", "Armory\Armory.csproj", "{518D5785-7E2B-4719-A43B-CC21895B0E9F}"
EndProject
Global
	GlobalSection(SolutionConfigurationPlatforms) = preSolution
		Debug|Any CPU = Debug|Any CPU
		Release|Any CPU = Release|Any CPU
	EndGlobalSection
	GlobalSection(ProjectConfigurationPlatforms) = postSolution
		{7DE1CBA8-D2A6-4ACE-80BA-D3A4BE5EBCB4}.Debug|Any CPU.ActiveCfg = Debug|Any CPU
		{7DE1CBA8-D2A6-4ACE-80BA-D3A4BE5EBCB4}.Debug|Any CPU.Build.0 = Debug|Any CPU
		{7DE1CBA8-D2A6-4ACE-80BA-D3A4BE5EBCB4}.Release|Any CPU.ActiveCfg = Release|Any CPU
		{7DE1CBA8-D2A6-4ACE-80BA-D3A4BE5EBCB4}.Release|Any CPU.Build.0 = Release|Any CPU
		{67AA12B5-7905-44FC-AE97-BB7FBEAABAB3}.Debug|Any CPU.ActiveCfg = Debug|Any CPU
		{67AA12B5-7905-44FC-AE97-BB7FBEAABAB3}.Debug|Any CPU.Build.0 = Debug|Any CPU
		{67AA12B5-7905-44FC-AE97-BB7FBEAABAB3}.Release|Any CPU.ActiveCfg = Release|Any CPU
		{67AA12B5-7905-44FC-AE97-BB7FBEAABAB3}.Release|Any CPU.Build.0 = Release|Any CPU
		{518D5785-7E2B-4719-A43B-CC21895B0E9F}.Debug|Any CPU.ActiveCfg = Debug|Any CPU
		{518D5785-7E2B-4719-A43B-CC21895B0E9F}.Debug|Any CPU.Build.0 = Debug|Any CPU
		{518D5785-7E2B-4719-A43B-CC21895B0E9F}.Release|Any CPU.ActiveCfg = Release|Any CPU
		{518D5785-7E2B-4719-A43B-CC21895B0E9F}.Release|Any CPU.Build.0 = Release|Any CPU
	EndGlobalSection
	GlobalSection(SolutionProperties) = preSolution
		HideSolutionNode = FALSE
	EndGlobalSection
	GlobalSection(ExtensibilityGlobals) = postSolution
		SolutionGuid = {7085CA56-40DB-4AED-B23E-C83C7CF4BA05}
	EndGlobalSection
EndGlobal
