
Microsoft Visual Studio Solution File, Format Version 12.00
# Visual Studio Version 17
VisualStudioVersion = 17.3.32901.215
MinimumVisualStudioVersion = 10.0.40219.1
Project("{FAE04EC0-301F-11D3-BF4B-00C04F79EFBC}") = "SkiRental", "SkiRental\SkiRental.csproj", "{F245C057-167B-48E7-B369-690D796C323C}"
EndProject
Global
	GlobalSection(SolutionConfigurationPlatforms) = preSolution
		Debug|Any CPU = Debug|Any CPU
		Release|Any CPU = Release|Any CPU
	EndGlobalSection
	GlobalSection(ProjectConfigurationPlatforms) = postSolution
		{F245C057-167B-48E7-B369-690D796C323C}.Debug|Any CPU.ActiveCfg = Debug|Any CPU
		{F245C057-167B-48E7-B369-690D796C323C}.Debug|Any CPU.Build.0 = Debug|Any CPU
		{F245C057-167B-48E7-B369-690D796C323C}.Release|Any CPU.ActiveCfg = Release|Any CPU
		{F245C057-167B-48E7-B369-690D796C323C}.Release|Any CPU.Build.0 = Release|Any CPU
	EndGlobalSection
	GlobalSection(SolutionProperties) = preSolution
		HideSolutionNode = FALSE
	EndGlobalSection
	GlobalSection(ExtensibilityGlobals) = postSolution
		SolutionGuid = {1F4B8D98-25FC-44CB-832C-38B3AFD4CDF1}
	EndGlobalSection
EndGlobal
