
Microsoft Visual Studio Solution File, Format Version 12.00
# Visual Studio Version 17
VisualStudioVersion = 17.3.32901.215
MinimumVisualStudioVersion = 10.0.40219.1
Project("{FAE04EC0-301F-11D3-BF4B-00C04F79EFBC}") = "Renovators", "Renovators\Renovators.csproj", "{49BF8412-A3A8-4B81-8956-43F949B375EE}"
EndProject
Project("{FAE04EC0-301F-11D3-BF4B-00C04F79EFBC}") = "TilesMaster", "TilesMaster\TilesMaster.csproj", "{A602EC07-0E9F-481E-9036-B6AEADCC617E}"
EndProject
Project("{FAE04EC0-301F-11D3-BF4B-00C04F79EFBC}") = "WallDestroyer", "WallDestroyer\WallDestroyer.csproj", "{76243BE9-69E0-4E2A-9680-47AC0F7841F1}"
EndProject
Global
	GlobalSection(SolutionConfigurationPlatforms) = preSolution
		Debug|Any CPU = Debug|Any CPU
		Release|Any CPU = Release|Any CPU
	EndGlobalSection
	GlobalSection(ProjectConfigurationPlatforms) = postSolution
		{49BF8412-A3A8-4B81-8956-43F949B375EE}.Debug|Any CPU.ActiveCfg = Debug|Any CPU
		{49BF8412-A3A8-4B81-8956-43F949B375EE}.Debug|Any CPU.Build.0 = Debug|Any CPU
		{49BF8412-A3A8-4B81-8956-43F949B375EE}.Release|Any CPU.ActiveCfg = Release|Any CPU
		{49BF8412-A3A8-4B81-8956-43F949B375EE}.Release|Any CPU.Build.0 = Release|Any CPU
		{A602EC07-0E9F-481E-9036-B6AEADCC617E}.Debug|Any CPU.ActiveCfg = Debug|Any CPU
		{A602EC07-0E9F-481E-9036-B6AEADCC617E}.Debug|Any CPU.Build.0 = Debug|Any CPU
		{A602EC07-0E9F-481E-9036-B6AEADCC617E}.Release|Any CPU.ActiveCfg = Release|Any CPU
		{A602EC07-0E9F-481E-9036-B6AEADCC617E}.Release|Any CPU.Build.0 = Release|Any CPU
		{76243BE9-69E0-4E2A-9680-47AC0F7841F1}.Debug|Any CPU.ActiveCfg = Debug|Any CPU
		{76243BE9-69E0-4E2A-9680-47AC0F7841F1}.Debug|Any CPU.Build.0 = Debug|Any CPU
		{76243BE9-69E0-4E2A-9680-47AC0F7841F1}.Release|Any CPU.ActiveCfg = Release|Any CPU
		{76243BE9-69E0-4E2A-9680-47AC0F7841F1}.Release|Any CPU.Build.0 = Release|Any CPU
	EndGlobalSection
	GlobalSection(SolutionProperties) = preSolution
		HideSolutionNode = FALSE
	EndGlobalSection
	GlobalSection(ExtensibilityGlobals) = postSolution
		SolutionGuid = {8E41700A-9A25-459B-9011-7479439A6B55}
	EndGlobalSection
EndGlobal
