
Microsoft Visual Studio Solution File, Format Version 12.00
# Visual Studio Version 17
VisualStudioVersion = 17.3.32901.215
MinimumVisualStudioVersion = 10.0.40219.1
Project("{FAE04EC0-301F-11D3-BF4B-00C04F79EFBC}") = "01. Sort Even Numbers", "01. Sort Even Numbers\01. Sort Even Numbers.csproj", "{1C712C33-5BF7-489F-A306-695959AEA2B6}"
EndProject
Global
	GlobalSection(SolutionConfigurationPlatforms) = preSolution
		Debug|Any CPU = Debug|Any CPU
		Release|Any CPU = Release|Any CPU
	EndGlobalSection
	GlobalSection(ProjectConfigurationPlatforms) = postSolution
		{1C712C33-5BF7-489F-A306-695959AEA2B6}.Debug|Any CPU.ActiveCfg = Debug|Any CPU
		{1C712C33-5BF7-489F-A306-695959AEA2B6}.Debug|Any CPU.Build.0 = Debug|Any CPU
		{1C712C33-5BF7-489F-A306-695959AEA2B6}.Release|Any CPU.ActiveCfg = Release|Any CPU
		{1C712C33-5BF7-489F-A306-695959AEA2B6}.Release|Any CPU.Build.0 = Release|Any CPU
	EndGlobalSection
	GlobalSection(SolutionProperties) = preSolution
		HideSolutionNode = FALSE
	EndGlobalSection
	GlobalSection(ExtensibilityGlobals) = postSolution
		SolutionGuid = {7DA8B700-ECDE-436E-8BB6-5987078B574C}
	EndGlobalSection
EndGlobal
