
Microsoft Visual Studio Solution File, Format Version 12.00
# Visual Studio Version 17
VisualStudioVersion = 17.3.32901.215
MinimumVisualStudioVersion = 10.0.40219.1
Project("{9A19103F-16F7-4668-BE54-9A1E7A4F7556}") = "01. Basic Stack Operations", "01. Basic Stack Operations\01. Basic Stack Operations.csproj", "{31E90616-2824-47F4-9A74-44A631F61EA9}"
EndProject
Project("{FAE04EC0-301F-11D3-BF4B-00C04F79EFBC}") = "02. Basic Queue Operations", "02. Basic Queue Operations\02. Basic Queue Operations.csproj", "{35DDFDB6-49A0-4CBE-AF49-A92E6F0DBF53}"
EndProject
Project("{FAE04EC0-301F-11D3-BF4B-00C04F79EFBC}") = "03. Maximum and Minimum Element", "03. Maximum and Minimum Element\03. Maximum and Minimum Element.csproj", "{511E9B51-7A57-49BA-9C5D-387E416BF8BD}"
EndProject
Global
	GlobalSection(SolutionConfigurationPlatforms) = preSolution
		Debug|Any CPU = Debug|Any CPU
		Release|Any CPU = Release|Any CPU
	EndGlobalSection
	GlobalSection(ProjectConfigurationPlatforms) = postSolution
		{31E90616-2824-47F4-9A74-44A631F61EA9}.Debug|Any CPU.ActiveCfg = Debug|Any CPU
		{31E90616-2824-47F4-9A74-44A631F61EA9}.Debug|Any CPU.Build.0 = Debug|Any CPU
		{31E90616-2824-47F4-9A74-44A631F61EA9}.Release|Any CPU.ActiveCfg = Release|Any CPU
		{31E90616-2824-47F4-9A74-44A631F61EA9}.Release|Any CPU.Build.0 = Release|Any CPU
		{35DDFDB6-49A0-4CBE-AF49-A92E6F0DBF53}.Debug|Any CPU.ActiveCfg = Debug|Any CPU
		{35DDFDB6-49A0-4CBE-AF49-A92E6F0DBF53}.Debug|Any CPU.Build.0 = Debug|Any CPU
		{35DDFDB6-49A0-4CBE-AF49-A92E6F0DBF53}.Release|Any CPU.ActiveCfg = Release|Any CPU
		{35DDFDB6-49A0-4CBE-AF49-A92E6F0DBF53}.Release|Any CPU.Build.0 = Release|Any CPU
		{511E9B51-7A57-49BA-9C5D-387E416BF8BD}.Debug|Any CPU.ActiveCfg = Debug|Any CPU
		{511E9B51-7A57-49BA-9C5D-387E416BF8BD}.Debug|Any CPU.Build.0 = Debug|Any CPU
		{511E9B51-7A57-49BA-9C5D-387E416BF8BD}.Release|Any CPU.ActiveCfg = Release|Any CPU
		{511E9B51-7A57-49BA-9C5D-387E416BF8BD}.Release|Any CPU.Build.0 = Release|Any CPU
	EndGlobalSection
	GlobalSection(SolutionProperties) = preSolution
		HideSolutionNode = FALSE
	EndGlobalSection
	GlobalSection(ExtensibilityGlobals) = postSolution
		SolutionGuid = {3B802D31-E068-4981-9DBF-E59A5F600A7A}
	EndGlobalSection
EndGlobal
