
Microsoft Visual Studio Solution File, Format Version 12.00
# Visual Studio Version 17
VisualStudioVersion = 17.3.32901.215
MinimumVisualStudioVersion = 10.0.40219.1
Project("{FAE04EC0-301F-11D3-BF4B-00C04F79EFBC}") = "01.Stealer", "01.Stealer\01.Stealer.csproj", "{358F0277-D243-4DBF-8F9E-A20A2EB1EEF4}"
EndProject
Project("{FAE04EC0-301F-11D3-BF4B-00C04F79EFBC}") = "02.HighQualityMistakes", "02.HighQualityMistakes\02.HighQualityMistakes.csproj", "{989F388D-E025-47EF-A645-7FD618C1DF07}"
EndProject
Project("{FAE04EC0-301F-11D3-BF4B-00C04F79EFBC}") = "03.MissionPrivateImpossible", "03.MissionPrivateImpossible\03.MissionPrivateImpossible.csproj", "{8E2C2B2F-900B-48FE-A547-7AE34FF04B0B}"
EndProject
Project("{FAE04EC0-301F-11D3-BF4B-00C04F79EFBC}") = "04.Collector", "04.Collector\04.Collector.csproj", "{5E1394B1-9575-4D2F-8F7E-30779E0DB4F8}"
EndProject
Project("{FAE04EC0-301F-11D3-BF4B-00C04F79EFBC}") = "05.CreateAttribute", "05.CreateAttribute\05.CreateAttribute.csproj", "{D5F0B07D-9655-4BB1-89E0-D0A303E13245}"
EndProject
Project("{FAE04EC0-301F-11D3-BF4B-00C04F79EFBC}") = "06.CodeTracker", "06.CodeTracker\06.CodeTracker.csproj", "{00961F9C-BA54-469F-86DB-C2F7907252A8}"
EndProject
Global
	GlobalSection(SolutionConfigurationPlatforms) = preSolution
		Debug|Any CPU = Debug|Any CPU
		Release|Any CPU = Release|Any CPU
	EndGlobalSection
	GlobalSection(ProjectConfigurationPlatforms) = postSolution
		{358F0277-D243-4DBF-8F9E-A20A2EB1EEF4}.Debug|Any CPU.ActiveCfg = Debug|Any CPU
		{358F0277-D243-4DBF-8F9E-A20A2EB1EEF4}.Debug|Any CPU.Build.0 = Debug|Any CPU
		{358F0277-D243-4DBF-8F9E-A20A2EB1EEF4}.Release|Any CPU.ActiveCfg = Release|Any CPU
		{358F0277-D243-4DBF-8F9E-A20A2EB1EEF4}.Release|Any CPU.Build.0 = Release|Any CPU
		{989F388D-E025-47EF-A645-7FD618C1DF07}.Debug|Any CPU.ActiveCfg = Debug|Any CPU
		{989F388D-E025-47EF-A645-7FD618C1DF07}.Debug|Any CPU.Build.0 = Debug|Any CPU
		{989F388D-E025-47EF-A645-7FD618C1DF07}.Release|Any CPU.ActiveCfg = Release|Any CPU
		{989F388D-E025-47EF-A645-7FD618C1DF07}.Release|Any CPU.Build.0 = Release|Any CPU
		{8E2C2B2F-900B-48FE-A547-7AE34FF04B0B}.Debug|Any CPU.ActiveCfg = Debug|Any CPU
		{8E2C2B2F-900B-48FE-A547-7AE34FF04B0B}.Debug|Any CPU.Build.0 = Debug|Any CPU
		{8E2C2B2F-900B-48FE-A547-7AE34FF04B0B}.Release|Any CPU.ActiveCfg = Release|Any CPU
		{8E2C2B2F-900B-48FE-A547-7AE34FF04B0B}.Release|Any CPU.Build.0 = Release|Any CPU
		{5E1394B1-9575-4D2F-8F7E-30779E0DB4F8}.Debug|Any CPU.ActiveCfg = Debug|Any CPU
		{5E1394B1-9575-4D2F-8F7E-30779E0DB4F8}.Debug|Any CPU.Build.0 = Debug|Any CPU
		{5E1394B1-9575-4D2F-8F7E-30779E0DB4F8}.Release|Any CPU.ActiveCfg = Release|Any CPU
		{5E1394B1-9575-4D2F-8F7E-30779E0DB4F8}.Release|Any CPU.Build.0 = Release|Any CPU
		{D5F0B07D-9655-4BB1-89E0-D0A303E13245}.Debug|Any CPU.ActiveCfg = Debug|Any CPU
		{D5F0B07D-9655-4BB1-89E0-D0A303E13245}.Debug|Any CPU.Build.0 = Debug|Any CPU
		{D5F0B07D-9655-4BB1-89E0-D0A303E13245}.Release|Any CPU.ActiveCfg = Release|Any CPU
		{D5F0B07D-9655-4BB1-89E0-D0A303E13245}.Release|Any CPU.Build.0 = Release|Any CPU
		{00961F9C-BA54-469F-86DB-C2F7907252A8}.Debug|Any CPU.ActiveCfg = Debug|Any CPU
		{00961F9C-BA54-469F-86DB-C2F7907252A8}.Debug|Any CPU.Build.0 = Debug|Any CPU
		{00961F9C-BA54-469F-86DB-C2F7907252A8}.Release|Any CPU.ActiveCfg = Release|Any CPU
		{00961F9C-BA54-469F-86DB-C2F7907252A8}.Release|Any CPU.Build.0 = Release|Any CPU
	EndGlobalSection
	GlobalSection(SolutionProperties) = preSolution
		HideSolutionNode = FALSE
	EndGlobalSection
	GlobalSection(ExtensibilityGlobals) = postSolution
		SolutionGuid = {BEE53CAA-8E7B-474C-A40F-C0851B8446ED}
	EndGlobalSection
EndGlobal
