
Microsoft Visual Studio Solution File, Format Version 12.00
# Visual Studio Version 17
VisualStudioVersion = 17.3.32901.215
MinimumVisualStudioVersion = 10.0.40219.1
Project("{FAE04EC0-301F-11D3-BF4B-00C04F79EFBC}") = "01. Action Print", "01. Action Print\01. Action Print.csproj", "{92373BAE-428A-453D-86B9-3F085406F8E5}"
EndProject
Project("{FAE04EC0-301F-11D3-BF4B-00C04F79EFBC}") = "02. Knights of Honor", "02. Knights of Honor\02. Knights of Honor.csproj", "{AF11A25D-58D2-41BB-A67A-56EC5DD73633}"
EndProject
Project("{FAE04EC0-301F-11D3-BF4B-00C04F79EFBC}") = "03. Custom Min Function", "03. Custom Min Function\03. Custom Min Function.csproj", "{C9DC4ABB-4C09-4796-AB92-B44177D9EE2F}"
EndProject
Project("{FAE04EC0-301F-11D3-BF4B-00C04F79EFBC}") = "04. Find Evens or Odds", "04. Find Evens or Odds\04. Find Evens or Odds.csproj", "{2AA0857E-DF88-4C1E-8EEF-89EBCB478533}"
EndProject
Project("{FAE04EC0-301F-11D3-BF4B-00C04F79EFBC}") = "05. Applied Arithmetics", "05. Applied Arithmetics\05. Applied Arithmetics.csproj", "{56AA217E-B342-4780-8445-76F5911FD9F0}"
EndProject
Project("{FAE04EC0-301F-11D3-BF4B-00C04F79EFBC}") = "06. Reverse And Exclude", "06. Reverse And Exclude\06. Reverse And Exclude.csproj", "{D6F4A67B-9E40-4819-89F1-2FD67F5B0367}"
EndProject
Project("{FAE04EC0-301F-11D3-BF4B-00C04F79EFBC}") = "07. Predicate For Names", "07. Predicate For Names\07. Predicate For Names.csproj", "{495C4FAD-D014-44E9-B09B-333CD0A27C10}"
EndProject
Project("{FAE04EC0-301F-11D3-BF4B-00C04F79EFBC}") = "08. List Of Predicates", "08. List Of Predicates\08. List Of Predicates.csproj", "{F8057C41-000E-4D6C-809B-BED8C5E2F092}"
EndProject
Project("{FAE04EC0-301F-11D3-BF4B-00C04F79EFBC}") = "09. Predicate Party!", "09. Predicate Party!\09. Predicate Party!.csproj", "{D460A416-9C9B-40A6-8212-A10B09B1E179}"
EndProject
Project("{FAE04EC0-301F-11D3-BF4B-00C04F79EFBC}") = "10. The Party Reservation Filter Module", "10. The Party Reservation Filter Module\10. The Party Reservation Filter Module.csproj", "{883A908B-B17E-4B9F-9C77-251F7719B1ED}"
EndProject
Global
	GlobalSection(SolutionConfigurationPlatforms) = preSolution
		Debug|Any CPU = Debug|Any CPU
		Release|Any CPU = Release|Any CPU
	EndGlobalSection
	GlobalSection(ProjectConfigurationPlatforms) = postSolution
		{92373BAE-428A-453D-86B9-3F085406F8E5}.Debug|Any CPU.ActiveCfg = Debug|Any CPU
		{92373BAE-428A-453D-86B9-3F085406F8E5}.Debug|Any CPU.Build.0 = Debug|Any CPU
		{92373BAE-428A-453D-86B9-3F085406F8E5}.Release|Any CPU.ActiveCfg = Release|Any CPU
		{92373BAE-428A-453D-86B9-3F085406F8E5}.Release|Any CPU.Build.0 = Release|Any CPU
		{AF11A25D-58D2-41BB-A67A-56EC5DD73633}.Debug|Any CPU.ActiveCfg = Debug|Any CPU
		{AF11A25D-58D2-41BB-A67A-56EC5DD73633}.Debug|Any CPU.Build.0 = Debug|Any CPU
		{AF11A25D-58D2-41BB-A67A-56EC5DD73633}.Release|Any CPU.ActiveCfg = Release|Any CPU
		{AF11A25D-58D2-41BB-A67A-56EC5DD73633}.Release|Any CPU.Build.0 = Release|Any CPU
		{C9DC4ABB-4C09-4796-AB92-B44177D9EE2F}.Debug|Any CPU.ActiveCfg = Debug|Any CPU
		{C9DC4ABB-4C09-4796-AB92-B44177D9EE2F}.Debug|Any CPU.Build.0 = Debug|Any CPU
		{C9DC4ABB-4C09-4796-AB92-B44177D9EE2F}.Release|Any CPU.ActiveCfg = Release|Any CPU
		{C9DC4ABB-4C09-4796-AB92-B44177D9EE2F}.Release|Any CPU.Build.0 = Release|Any CPU
		{2AA0857E-DF88-4C1E-8EEF-89EBCB478533}.Debug|Any CPU.ActiveCfg = Debug|Any CPU
		{2AA0857E-DF88-4C1E-8EEF-89EBCB478533}.Debug|Any CPU.Build.0 = Debug|Any CPU
		{2AA0857E-DF88-4C1E-8EEF-89EBCB478533}.Release|Any CPU.ActiveCfg = Release|Any CPU
		{2AA0857E-DF88-4C1E-8EEF-89EBCB478533}.Release|Any CPU.Build.0 = Release|Any CPU
		{56AA217E-B342-4780-8445-76F5911FD9F0}.Debug|Any CPU.ActiveCfg = Debug|Any CPU
		{56AA217E-B342-4780-8445-76F5911FD9F0}.Debug|Any CPU.Build.0 = Debug|Any CPU
		{56AA217E-B342-4780-8445-76F5911FD9F0}.Release|Any CPU.ActiveCfg = Release|Any CPU
		{56AA217E-B342-4780-8445-76F5911FD9F0}.Release|Any CPU.Build.0 = Release|Any CPU
		{D6F4A67B-9E40-4819-89F1-2FD67F5B0367}.Debug|Any CPU.ActiveCfg = Debug|Any CPU
		{D6F4A67B-9E40-4819-89F1-2FD67F5B0367}.Debug|Any CPU.Build.0 = Debug|Any CPU
		{D6F4A67B-9E40-4819-89F1-2FD67F5B0367}.Release|Any CPU.ActiveCfg = Release|Any CPU
		{D6F4A67B-9E40-4819-89F1-2FD67F5B0367}.Release|Any CPU.Build.0 = Release|Any CPU
		{495C4FAD-D014-44E9-B09B-333CD0A27C10}.Debug|Any CPU.ActiveCfg = Debug|Any CPU
		{495C4FAD-D014-44E9-B09B-333CD0A27C10}.Debug|Any CPU.Build.0 = Debug|Any CPU
		{495C4FAD-D014-44E9-B09B-333CD0A27C10}.Release|Any CPU.ActiveCfg = Release|Any CPU
		{495C4FAD-D014-44E9-B09B-333CD0A27C10}.Release|Any CPU.Build.0 = Release|Any CPU
		{F8057C41-000E-4D6C-809B-BED8C5E2F092}.Debug|Any CPU.ActiveCfg = Debug|Any CPU
		{F8057C41-000E-4D6C-809B-BED8C5E2F092}.Debug|Any CPU.Build.0 = Debug|Any CPU
		{F8057C41-000E-4D6C-809B-BED8C5E2F092}.Release|Any CPU.ActiveCfg = Release|Any CPU
		{F8057C41-000E-4D6C-809B-BED8C5E2F092}.Release|Any CPU.Build.0 = Release|Any CPU
		{D460A416-9C9B-40A6-8212-A10B09B1E179}.Debug|Any CPU.ActiveCfg = Debug|Any CPU
		{D460A416-9C9B-40A6-8212-A10B09B1E179}.Debug|Any CPU.Build.0 = Debug|Any CPU
		{D460A416-9C9B-40A6-8212-A10B09B1E179}.Release|Any CPU.ActiveCfg = Release|Any CPU
		{D460A416-9C9B-40A6-8212-A10B09B1E179}.Release|Any CPU.Build.0 = Release|Any CPU
		{883A908B-B17E-4B9F-9C77-251F7719B1ED}.Debug|Any CPU.ActiveCfg = Debug|Any CPU
		{883A908B-B17E-4B9F-9C77-251F7719B1ED}.Debug|Any CPU.Build.0 = Debug|Any CPU
		{883A908B-B17E-4B9F-9C77-251F7719B1ED}.Release|Any CPU.ActiveCfg = Release|Any CPU
		{883A908B-B17E-4B9F-9C77-251F7719B1ED}.Release|Any CPU.Build.0 = Release|Any CPU
	EndGlobalSection
	GlobalSection(SolutionProperties) = preSolution
		HideSolutionNode = FALSE
	EndGlobalSection
	GlobalSection(ExtensibilityGlobals) = postSolution
		SolutionGuid = {6AD68269-30F4-49A6-9710-2B8EA3F75141}
	EndGlobalSection
EndGlobal
