
Microsoft Visual Studio Solution File, Format Version 12.00
# Visual Studio Version 17
VisualStudioVersion = 17.3.32901.215
MinimumVisualStudioVersion = 10.0.40219.1
Project("{FAE04EC0-301F-11D3-BF4B-00C04F79EFBC}") = "01. Action Print", "01. Action Print\01. Action Print.csproj", "{92373BAE-428A-453D-86B9-3F085406F8E5}"
EndProject
Global
	GlobalSection(SolutionConfigurationPlatforms) = preSolution
		Debug|Any CPU = Debug|Any CPU
		Release|Any CPU = Release|Any CPU
	EndGlobalSection
	GlobalSection(ProjectConfigurationPlatforms) = postSolution
		{92373BAE-428A-453D-86B9-3F085406F8E5}.Debug|Any CPU.ActiveCfg = Debug|Any CPU
		{92373BAE-428A-453D-86B9-3F085406F8E5}.Debug|Any CPU.Build.0 = Debug|Any CPU
		{92373BAE-428A-453D-86B9-3F085406F8E5}.Release|Any CPU.ActiveCfg = Release|Any CPU
		{92373BAE-428A-453D-86B9-3F085406F8E5}.Release|Any CPU.Build.0 = Release|Any CPU
	EndGlobalSection
	GlobalSection(SolutionProperties) = preSolution
		HideSolutionNode = FALSE
	EndGlobalSection
	GlobalSection(ExtensibilityGlobals) = postSolution
		SolutionGuid = {6AD68269-30F4-49A6-9710-2B8EA3F75141}
	EndGlobalSection
EndGlobal
