
Microsoft Visual Studio Solution File, Format Version 12.00
# Visual Studio Version 17
VisualStudioVersion = 17.3.32901.215
MinimumVisualStudioVersion = 10.0.40219.1
Project("{FAE04EC0-301F-11D3-BF4B-00C04F79EFBC}") = "01.DefineanInterfaceIPerson", "01.DefineanInterfaceIPerson\01.DefineanInterfaceIPerson.csproj", "{2051B4F9-AD19-478F-8D77-65B2CE817B58}"
EndProject
Global
	GlobalSection(SolutionConfigurationPlatforms) = preSolution
		Debug|Any CPU = Debug|Any CPU
		Release|Any CPU = Release|Any CPU
	EndGlobalSection
	GlobalSection(ProjectConfigurationPlatforms) = postSolution
		{2051B4F9-AD19-478F-8D77-65B2CE817B58}.Debug|Any CPU.ActiveCfg = Debug|Any CPU
		{2051B4F9-AD19-478F-8D77-65B2CE817B58}.Debug|Any CPU.Build.0 = Debug|Any CPU
		{2051B4F9-AD19-478F-8D77-65B2CE817B58}.Release|Any CPU.ActiveCfg = Release|Any CPU
		{2051B4F9-AD19-478F-8D77-65B2CE817B58}.Release|Any CPU.Build.0 = Release|Any CPU
	EndGlobalSection
	GlobalSection(SolutionProperties) = preSolution
		HideSolutionNode = FALSE
	EndGlobalSection
	GlobalSection(ExtensibilityGlobals) = postSolution
		SolutionGuid = {AB5EB3DE-015F-487D-85A4-584E51EDFD79}
	EndGlobalSection
EndGlobal
