
Microsoft Visual Studio Solution File, Format Version 12.00
# Visual Studio Version 17
VisualStudioVersion = 17.3.32901.215
MinimumVisualStudioVersion = 10.0.40219.1
Project("{FAE04EC0-301F-11D3-BF4B-00C04F79EFBC}") = "Basketball", "Basketball\Basketball.csproj", "{174B80DD-EBE7-469E-A852-B0EF099826DE}"
EndProject
Project("{FAE04EC0-301F-11D3-BF4B-00C04F79EFBC}") = "BaristaContest", "BaristaContest\BaristaContest.csproj", "{5AA12E5A-6BE5-48E6-A6D9-AD276AC01743}"
EndProject
Global
	GlobalSection(SolutionConfigurationPlatforms) = preSolution
		Debug|Any CPU = Debug|Any CPU
		Release|Any CPU = Release|Any CPU
	EndGlobalSection
	GlobalSection(ProjectConfigurationPlatforms) = postSolution
		{174B80DD-EBE7-469E-A852-B0EF099826DE}.Debug|Any CPU.ActiveCfg = Debug|Any CPU
		{174B80DD-EBE7-469E-A852-B0EF099826DE}.Debug|Any CPU.Build.0 = Debug|Any CPU
		{174B80DD-EBE7-469E-A852-B0EF099826DE}.Release|Any CPU.ActiveCfg = Release|Any CPU
		{174B80DD-EBE7-469E-A852-B0EF099826DE}.Release|Any CPU.Build.0 = Release|Any CPU
		{5AA12E5A-6BE5-48E6-A6D9-AD276AC01743}.Debug|Any CPU.ActiveCfg = Debug|Any CPU
		{5AA12E5A-6BE5-48E6-A6D9-AD276AC01743}.Debug|Any CPU.Build.0 = Debug|Any CPU
		{5AA12E5A-6BE5-48E6-A6D9-AD276AC01743}.Release|Any CPU.ActiveCfg = Release|Any CPU
		{5AA12E5A-6BE5-48E6-A6D9-AD276AC01743}.Release|Any CPU.Build.0 = Release|Any CPU
	EndGlobalSection
	GlobalSection(SolutionProperties) = preSolution
		HideSolutionNode = FALSE
	EndGlobalSection
	GlobalSection(ExtensibilityGlobals) = postSolution
		SolutionGuid = {D5BF8B68-8938-4E96-9586-EF48D63F8F82}
	EndGlobalSection
EndGlobal
