
Microsoft Visual Studio Solution File, Format Version 12.00
# Visual Studio Version 17
VisualStudioVersion = 17.3.32901.215
MinimumVisualStudioVersion = 10.0.40219.1
Project("{9A19103F-16F7-4668-BE54-9A1E7A4F7556}") = "01. Diagonal Difference", "01. Diagonal Difference\01. Diagonal Difference.csproj", "{91FE9852-DBCB-4F98-B3EA-B4D19F5FE857}"
EndProject
Project("{9A19103F-16F7-4668-BE54-9A1E7A4F7556}") = "02. Squares in Matrix", "02. Squares in Matrix\02. Squares in Matrix.csproj", "{E0509DD1-60BE-4E1C-B0F8-155B3981DD4C}"
EndProject
Project("{9A19103F-16F7-4668-BE54-9A1E7A4F7556}") = "03. Maximal Sum", "3. Maximal Sum\03. Maximal Sum.csproj", "{4ADF8507-D5D3-406A-8FB7-67BD59F081FD}"
EndProject
Project("{9A19103F-16F7-4668-BE54-9A1E7A4F7556}") = "04. Matrix Shuffling", "04. Matrix Shuffling\04. Matrix Shuffling.csproj", "{2EC2FDA4-9C74-4BA1-AB16-917C8932F474}"
EndProject
Project("{9A19103F-16F7-4668-BE54-9A1E7A4F7556}") = "05. Snake Moves", "05. Snake Moves\05. Snake Moves.csproj", "{AC095AFE-3083-489B-B5A9-B6D3343B4D52}"
EndProject
Project("{9A19103F-16F7-4668-BE54-9A1E7A4F7556}") = "06. Jagged Array Manipulator", "06. Jagged Array Manipulator\06. Jagged Array Manipulator.csproj", "{A03C9EB9-D3F8-47DA-9ED1-8781FE533474}"
EndProject
Project("{9A19103F-16F7-4668-BE54-9A1E7A4F7556}") = "07. Knight Game", "07. Knight Game\07. Knight Game.csproj", "{08B6C15E-E16A-465C-84D6-3C2E352E1539}"
EndProject
Project("{FAE04EC0-301F-11D3-BF4B-00C04F79EFBC}") = "08. Bombs", "08. Bombs\08. Bombs.csproj", "{D1166300-1BC9-4051-BD06-F2C2D0210632}"
EndProject
Global
	GlobalSection(SolutionConfigurationPlatforms) = preSolution
		Debug|Any CPU = Debug|Any CPU
		Release|Any CPU = Release|Any CPU
	EndGlobalSection
	GlobalSection(ProjectConfigurationPlatforms) = postSolution
		{91FE9852-DBCB-4F98-B3EA-B4D19F5FE857}.Debug|Any CPU.ActiveCfg = Debug|Any CPU
		{91FE9852-DBCB-4F98-B3EA-B4D19F5FE857}.Debug|Any CPU.Build.0 = Debug|Any CPU
		{91FE9852-DBCB-4F98-B3EA-B4D19F5FE857}.Release|Any CPU.ActiveCfg = Release|Any CPU
		{91FE9852-DBCB-4F98-B3EA-B4D19F5FE857}.Release|Any CPU.Build.0 = Release|Any CPU
		{E0509DD1-60BE-4E1C-B0F8-155B3981DD4C}.Debug|Any CPU.ActiveCfg = Debug|Any CPU
		{E0509DD1-60BE-4E1C-B0F8-155B3981DD4C}.Debug|Any CPU.Build.0 = Debug|Any CPU
		{E0509DD1-60BE-4E1C-B0F8-155B3981DD4C}.Release|Any CPU.ActiveCfg = Release|Any CPU
		{E0509DD1-60BE-4E1C-B0F8-155B3981DD4C}.Release|Any CPU.Build.0 = Release|Any CPU
		{4ADF8507-D5D3-406A-8FB7-67BD59F081FD}.Debug|Any CPU.ActiveCfg = Debug|Any CPU
		{4ADF8507-D5D3-406A-8FB7-67BD59F081FD}.Debug|Any CPU.Build.0 = Debug|Any CPU
		{4ADF8507-D5D3-406A-8FB7-67BD59F081FD}.Release|Any CPU.ActiveCfg = Release|Any CPU
		{4ADF8507-D5D3-406A-8FB7-67BD59F081FD}.Release|Any CPU.Build.0 = Release|Any CPU
		{2EC2FDA4-9C74-4BA1-AB16-917C8932F474}.Debug|Any CPU.ActiveCfg = Debug|Any CPU
		{2EC2FDA4-9C74-4BA1-AB16-917C8932F474}.Debug|Any CPU.Build.0 = Debug|Any CPU
		{2EC2FDA4-9C74-4BA1-AB16-917C8932F474}.Release|Any CPU.ActiveCfg = Release|Any CPU
		{2EC2FDA4-9C74-4BA1-AB16-917C8932F474}.Release|Any CPU.Build.0 = Release|Any CPU
		{AC095AFE-3083-489B-B5A9-B6D3343B4D52}.Debug|Any CPU.ActiveCfg = Debug|Any CPU
		{AC095AFE-3083-489B-B5A9-B6D3343B4D52}.Debug|Any CPU.Build.0 = Debug|Any CPU
		{AC095AFE-3083-489B-B5A9-B6D3343B4D52}.Release|Any CPU.ActiveCfg = Release|Any CPU
		{AC095AFE-3083-489B-B5A9-B6D3343B4D52}.Release|Any CPU.Build.0 = Release|Any CPU
		{A03C9EB9-D3F8-47DA-9ED1-8781FE533474}.Debug|Any CPU.ActiveCfg = Debug|Any CPU
		{A03C9EB9-D3F8-47DA-9ED1-8781FE533474}.Debug|Any CPU.Build.0 = Debug|Any CPU
		{A03C9EB9-D3F8-47DA-9ED1-8781FE533474}.Release|Any CPU.ActiveCfg = Release|Any CPU
		{A03C9EB9-D3F8-47DA-9ED1-8781FE533474}.Release|Any CPU.Build.0 = Release|Any CPU
		{08B6C15E-E16A-465C-84D6-3C2E352E1539}.Debug|Any CPU.ActiveCfg = Debug|Any CPU
		{08B6C15E-E16A-465C-84D6-3C2E352E1539}.Debug|Any CPU.Build.0 = Debug|Any CPU
		{08B6C15E-E16A-465C-84D6-3C2E352E1539}.Release|Any CPU.ActiveCfg = Release|Any CPU
		{08B6C15E-E16A-465C-84D6-3C2E352E1539}.Release|Any CPU.Build.0 = Release|Any CPU
		{D1166300-1BC9-4051-BD06-F2C2D0210632}.Debug|Any CPU.ActiveCfg = Debug|Any CPU
		{D1166300-1BC9-4051-BD06-F2C2D0210632}.Debug|Any CPU.Build.0 = Debug|Any CPU
		{D1166300-1BC9-4051-BD06-F2C2D0210632}.Release|Any CPU.ActiveCfg = Release|Any CPU
		{D1166300-1BC9-4051-BD06-F2C2D0210632}.Release|Any CPU.Build.0 = Release|Any CPU
	EndGlobalSection
	GlobalSection(SolutionProperties) = preSolution
		HideSolutionNode = FALSE
	EndGlobalSection
	GlobalSection(ExtensibilityGlobals) = postSolution
		SolutionGuid = {5A0807EA-8AAE-47F2-814D-AD33B0CC3B09}
	EndGlobalSection
EndGlobal
