
Microsoft Visual Studio Solution File, Format Version 12.00
# Visual Studio Version 17
VisualStudioVersion = 17.3.32901.215
MinimumVisualStudioVersion = 10.0.40219.1
Project("{FAE04EC0-301F-11D3-BF4B-00C04F79EFBC}") = "01. Diagonal Difference", "01. Diagonal Difference\01. Diagonal Difference.csproj", "{91FE9852-DBCB-4F98-B3EA-B4D19F5FE857}"
EndProject
Project("{FAE04EC0-301F-11D3-BF4B-00C04F79EFBC}") = "02. Squares in Matrix", "02. Squares in Matrix\02. Squares in Matrix.csproj", "{E0509DD1-60BE-4E1C-B0F8-155B3981DD4C}"
EndProject
Global
	GlobalSection(SolutionConfigurationPlatforms) = preSolution
		Debug|Any CPU = Debug|Any CPU
		Release|Any CPU = Release|Any CPU
	EndGlobalSection
	GlobalSection(ProjectConfigurationPlatforms) = postSolution
		{91FE9852-DBCB-4F98-B3EA-B4D19F5FE857}.Debug|Any CPU.ActiveCfg = Debug|Any CPU
		{91FE9852-DBCB-4F98-B3EA-B4D19F5FE857}.Debug|Any CPU.Build.0 = Debug|Any CPU
		{91FE9852-DBCB-4F98-B3EA-B4D19F5FE857}.Release|Any CPU.ActiveCfg = Release|Any CPU
		{91FE9852-DBCB-4F98-B3EA-B4D19F5FE857}.Release|Any CPU.Build.0 = Release|Any CPU
		{E0509DD1-60BE-4E1C-B0F8-155B3981DD4C}.Debug|Any CPU.ActiveCfg = Debug|Any CPU
		{E0509DD1-60BE-4E1C-B0F8-155B3981DD4C}.Debug|Any CPU.Build.0 = Debug|Any CPU
		{E0509DD1-60BE-4E1C-B0F8-155B3981DD4C}.Release|Any CPU.ActiveCfg = Release|Any CPU
		{E0509DD1-60BE-4E1C-B0F8-155B3981DD4C}.Release|Any CPU.Build.0 = Release|Any CPU
	EndGlobalSection
	GlobalSection(SolutionProperties) = preSolution
		HideSolutionNode = FALSE
	EndGlobalSection
	GlobalSection(ExtensibilityGlobals) = postSolution
		SolutionGuid = {5A0807EA-8AAE-47F2-814D-AD33B0CC3B09}
	EndGlobalSection
EndGlobal
