
Microsoft Visual Studio Solution File, Format Version 12.00
# Visual Studio Version 17
VisualStudioVersion = 17.3.32901.215
MinimumVisualStudioVersion = 10.0.40219.1
Project("{FAE04EC0-301F-11D3-BF4B-00C04F79EFBC}") = "01. Sum Matrix Elements", "01. Sum Matrix Elements\01. Sum Matrix Elements.csproj", "{C99A6089-05B1-49E0-9F9A-AC8975589605}"
EndProject
Project("{FAE04EC0-301F-11D3-BF4B-00C04F79EFBC}") = "02. Sum Matrix Columns", "02. Sum Matrix Columns\02. Sum Matrix Columns.csproj", "{81517BFB-347E-4710-9F23-092703DDA4DA}"
EndProject
Global
	GlobalSection(SolutionConfigurationPlatforms) = preSolution
		Debug|Any CPU = Debug|Any CPU
		Release|Any CPU = Release|Any CPU
	EndGlobalSection
	GlobalSection(ProjectConfigurationPlatforms) = postSolution
		{C99A6089-05B1-49E0-9F9A-AC8975589605}.Debug|Any CPU.ActiveCfg = Debug|Any CPU
		{C99A6089-05B1-49E0-9F9A-AC8975589605}.Debug|Any CPU.Build.0 = Debug|Any CPU
		{C99A6089-05B1-49E0-9F9A-AC8975589605}.Release|Any CPU.ActiveCfg = Release|Any CPU
		{C99A6089-05B1-49E0-9F9A-AC8975589605}.Release|Any CPU.Build.0 = Release|Any CPU
		{81517BFB-347E-4710-9F23-092703DDA4DA}.Debug|Any CPU.ActiveCfg = Debug|Any CPU
		{81517BFB-347E-4710-9F23-092703DDA4DA}.Debug|Any CPU.Build.0 = Debug|Any CPU
		{81517BFB-347E-4710-9F23-092703DDA4DA}.Release|Any CPU.ActiveCfg = Release|Any CPU
		{81517BFB-347E-4710-9F23-092703DDA4DA}.Release|Any CPU.Build.0 = Release|Any CPU
	EndGlobalSection
	GlobalSection(SolutionProperties) = preSolution
		HideSolutionNode = FALSE
	EndGlobalSection
	GlobalSection(ExtensibilityGlobals) = postSolution
		SolutionGuid = {A5628F76-DAFF-4957-8448-D545E05E4817}
	EndGlobalSection
EndGlobal
