
Microsoft Visual Studio Solution File, Format Version 12.00
# Visual Studio Version 17
VisualStudioVersion = 17.3.32901.215
MinimumVisualStudioVersion = 10.0.40219.1
Project("{FAE04EC0-301F-11D3-BF4B-00C04F79EFBC}") = "Guild", "Guild\Guild.csproj", "{55A5810A-B0C2-4A19-AE8C-334E05B2F399}"
EndProject
Project("{FAE04EC0-301F-11D3-BF4B-00C04F79EFBC}") = "01. Lootbox", "01. Lootbox\01. Lootbox.csproj", "{A6C500D2-5D14-4DC5-8C97-A0E75C42B97A}"
EndProject
Project("{FAE04EC0-301F-11D3-BF4B-00C04F79EFBC}") = "02. Re-Volt", "02. Re-Volt\02. Re-Volt.csproj", "{BA105201-5C51-4334-9F59-DEE7AF6C26DC}"
EndProject
Global
	GlobalSection(SolutionConfigurationPlatforms) = preSolution
		Debug|Any CPU = Debug|Any CPU
		Release|Any CPU = Release|Any CPU
	EndGlobalSection
	GlobalSection(ProjectConfigurationPlatforms) = postSolution
		{55A5810A-B0C2-4A19-AE8C-334E05B2F399}.Debug|Any CPU.ActiveCfg = Debug|Any CPU
		{55A5810A-B0C2-4A19-AE8C-334E05B2F399}.Debug|Any CPU.Build.0 = Debug|Any CPU
		{55A5810A-B0C2-4A19-AE8C-334E05B2F399}.Release|Any CPU.ActiveCfg = Release|Any CPU
		{55A5810A-B0C2-4A19-AE8C-334E05B2F399}.Release|Any CPU.Build.0 = Release|Any CPU
		{A6C500D2-5D14-4DC5-8C97-A0E75C42B97A}.Debug|Any CPU.ActiveCfg = Debug|Any CPU
		{A6C500D2-5D14-4DC5-8C97-A0E75C42B97A}.Debug|Any CPU.Build.0 = Debug|Any CPU
		{A6C500D2-5D14-4DC5-8C97-A0E75C42B97A}.Release|Any CPU.ActiveCfg = Release|Any CPU
		{A6C500D2-5D14-4DC5-8C97-A0E75C42B97A}.Release|Any CPU.Build.0 = Release|Any CPU
		{BA105201-5C51-4334-9F59-DEE7AF6C26DC}.Debug|Any CPU.ActiveCfg = Debug|Any CPU
		{BA105201-5C51-4334-9F59-DEE7AF6C26DC}.Debug|Any CPU.Build.0 = Debug|Any CPU
		{BA105201-5C51-4334-9F59-DEE7AF6C26DC}.Release|Any CPU.ActiveCfg = Release|Any CPU
		{BA105201-5C51-4334-9F59-DEE7AF6C26DC}.Release|Any CPU.Build.0 = Release|Any CPU
	EndGlobalSection
	GlobalSection(SolutionProperties) = preSolution
		HideSolutionNode = FALSE
	EndGlobalSection
	GlobalSection(ExtensibilityGlobals) = postSolution
		SolutionGuid = {C3B3A9ED-E375-4F46-A5E0-173C8E7F12F6}
	EndGlobalSection
EndGlobal
