
Microsoft Visual Studio Solution File, Format Version 12.00
# Visual Studio Version 17
VisualStudioVersion = 17.3.32901.215
MinimumVisualStudioVersion = 10.0.40219.1
Project("{FAE04EC0-301F-11D3-BF4B-00C04F79EFBC}") = "01. Odd Lines", "01. Odd Lines\01. Odd Lines.csproj", "{062786E8-90AB-4043-A441-F3567BD7CF6F}"
EndProject
Project("{FAE04EC0-301F-11D3-BF4B-00C04F79EFBC}") = "02. Line Numbers", "02. Line Numbers\02. Line Numbers.csproj", "{207946D8-7A10-44EC-A9A0-16063A3C25A4}"
EndProject
Global
	GlobalSection(SolutionConfigurationPlatforms) = preSolution
		Debug|Any CPU = Debug|Any CPU
		Release|Any CPU = Release|Any CPU
	EndGlobalSection
	GlobalSection(ProjectConfigurationPlatforms) = postSolution
		{062786E8-90AB-4043-A441-F3567BD7CF6F}.Debug|Any CPU.ActiveCfg = Debug|Any CPU
		{062786E8-90AB-4043-A441-F3567BD7CF6F}.Debug|Any CPU.Build.0 = Debug|Any CPU
		{062786E8-90AB-4043-A441-F3567BD7CF6F}.Release|Any CPU.ActiveCfg = Release|Any CPU
		{062786E8-90AB-4043-A441-F3567BD7CF6F}.Release|Any CPU.Build.0 = Release|Any CPU
		{207946D8-7A10-44EC-A9A0-16063A3C25A4}.Debug|Any CPU.ActiveCfg = Debug|Any CPU
		{207946D8-7A10-44EC-A9A0-16063A3C25A4}.Debug|Any CPU.Build.0 = Debug|Any CPU
		{207946D8-7A10-44EC-A9A0-16063A3C25A4}.Release|Any CPU.ActiveCfg = Release|Any CPU
		{207946D8-7A10-44EC-A9A0-16063A3C25A4}.Release|Any CPU.Build.0 = Release|Any CPU
	EndGlobalSection
	GlobalSection(SolutionProperties) = preSolution
		HideSolutionNode = FALSE
	EndGlobalSection
	GlobalSection(ExtensibilityGlobals) = postSolution
		SolutionGuid = {FE0B7B62-6B27-4A4C-8C36-C1E759034E4D}
	EndGlobalSection
EndGlobal
