
Microsoft Visual Studio Solution File, Format Version 12.00
# Visual Studio Version 17
VisualStudioVersion = 17.3.32901.215
MinimumVisualStudioVersion = 10.0.40219.1
Project("{9A19103F-16F7-4668-BE54-9A1E7A4F7556}") = "BoxOfInteger", "BoxOfInteger\BoxOfInteger.csproj", "{B7576322-C339-4FE5-906C-A348D33EA150}"
EndProject
Project("{9A19103F-16F7-4668-BE54-9A1E7A4F7556}") = "SwapMethodStrings", "SwapMethodStrings\SwapMethodStrings.csproj", "{08AF2623-C729-44C9-9FE1-653F647D2500}"
EndProject
Project("{9A19103F-16F7-4668-BE54-9A1E7A4F7556}") = "SwapMethodIntegers", "SwapMethodIntegers\SwapMethodIntegers.csproj", "{C9F81EB4-D494-4A68-8E0D-9916313DA459}"
EndProject
Project("{9A19103F-16F7-4668-BE54-9A1E7A4F7556}") = "CountMethodStrings", "CountMethodStrings\CountMethodStrings.csproj", "{3077B6C3-796F-4283-9E22-F0F2212115D4}"
EndProject
Project("{9A19103F-16F7-4668-BE54-9A1E7A4F7556}") = "CountMethodDoubles", "CountMethodDoubles\CountMethodDoubles.csproj", "{99F3B198-A72A-4370-9D91-30BCE13BFEB0}"
EndProject
Project("{9A19103F-16F7-4668-BE54-9A1E7A4F7556}") = "BoxOfString", "BoxOfString\BoxOfString.csproj", "{C3695290-508E-4991-968E-CBC2B7482F9B}"
EndProject
Project("{FAE04EC0-301F-11D3-BF4B-00C04F79EFBC}") = "Tuple", "Tuple\Tuple.csproj", "{F1DF30B5-11E0-49BA-926A-9D26595C1C33}"
EndProject
Project("{FAE04EC0-301F-11D3-BF4B-00C04F79EFBC}") = "Threeuple", "Threeuple\Threeuple.csproj", "{698A1C1C-6AAA-44A8-B55C-525642D32C4E}"
EndProject
Global
	GlobalSection(SolutionConfigurationPlatforms) = preSolution
		Debug|Any CPU = Debug|Any CPU
		Release|Any CPU = Release|Any CPU
	EndGlobalSection
	GlobalSection(ProjectConfigurationPlatforms) = postSolution
		{B7576322-C339-4FE5-906C-A348D33EA150}.Debug|Any CPU.ActiveCfg = Debug|Any CPU
		{B7576322-C339-4FE5-906C-A348D33EA150}.Debug|Any CPU.Build.0 = Debug|Any CPU
		{B7576322-C339-4FE5-906C-A348D33EA150}.Release|Any CPU.ActiveCfg = Release|Any CPU
		{B7576322-C339-4FE5-906C-A348D33EA150}.Release|Any CPU.Build.0 = Release|Any CPU
		{08AF2623-C729-44C9-9FE1-653F647D2500}.Debug|Any CPU.ActiveCfg = Debug|Any CPU
		{08AF2623-C729-44C9-9FE1-653F647D2500}.Debug|Any CPU.Build.0 = Debug|Any CPU
		{08AF2623-C729-44C9-9FE1-653F647D2500}.Release|Any CPU.ActiveCfg = Release|Any CPU
		{08AF2623-C729-44C9-9FE1-653F647D2500}.Release|Any CPU.Build.0 = Release|Any CPU
		{C9F81EB4-D494-4A68-8E0D-9916313DA459}.Debug|Any CPU.ActiveCfg = Debug|Any CPU
		{C9F81EB4-D494-4A68-8E0D-9916313DA459}.Debug|Any CPU.Build.0 = Debug|Any CPU
		{C9F81EB4-D494-4A68-8E0D-9916313DA459}.Release|Any CPU.ActiveCfg = Release|Any CPU
		{C9F81EB4-D494-4A68-8E0D-9916313DA459}.Release|Any CPU.Build.0 = Release|Any CPU
		{3077B6C3-796F-4283-9E22-F0F2212115D4}.Debug|Any CPU.ActiveCfg = Debug|Any CPU
		{3077B6C3-796F-4283-9E22-F0F2212115D4}.Debug|Any CPU.Build.0 = Debug|Any CPU
		{3077B6C3-796F-4283-9E22-F0F2212115D4}.Release|Any CPU.ActiveCfg = Release|Any CPU
		{3077B6C3-796F-4283-9E22-F0F2212115D4}.Release|Any CPU.Build.0 = Release|Any CPU
		{99F3B198-A72A-4370-9D91-30BCE13BFEB0}.Debug|Any CPU.ActiveCfg = Debug|Any CPU
		{99F3B198-A72A-4370-9D91-30BCE13BFEB0}.Debug|Any CPU.Build.0 = Debug|Any CPU
		{99F3B198-A72A-4370-9D91-30BCE13BFEB0}.Release|Any CPU.ActiveCfg = Release|Any CPU
		{99F3B198-A72A-4370-9D91-30BCE13BFEB0}.Release|Any CPU.Build.0 = Release|Any CPU
		{C3695290-508E-4991-968E-CBC2B7482F9B}.Debug|Any CPU.ActiveCfg = Debug|Any CPU
		{C3695290-508E-4991-968E-CBC2B7482F9B}.Debug|Any CPU.Build.0 = Debug|Any CPU
		{C3695290-508E-4991-968E-CBC2B7482F9B}.Release|Any CPU.ActiveCfg = Release|Any CPU
		{C3695290-508E-4991-968E-CBC2B7482F9B}.Release|Any CPU.Build.0 = Release|Any CPU
		{F1DF30B5-11E0-49BA-926A-9D26595C1C33}.Debug|Any CPU.ActiveCfg = Debug|Any CPU
		{F1DF30B5-11E0-49BA-926A-9D26595C1C33}.Debug|Any CPU.Build.0 = Debug|Any CPU
		{F1DF30B5-11E0-49BA-926A-9D26595C1C33}.Release|Any CPU.ActiveCfg = Release|Any CPU
		{F1DF30B5-11E0-49BA-926A-9D26595C1C33}.Release|Any CPU.Build.0 = Release|Any CPU
		{698A1C1C-6AAA-44A8-B55C-525642D32C4E}.Debug|Any CPU.ActiveCfg = Debug|Any CPU
		{698A1C1C-6AAA-44A8-B55C-525642D32C4E}.Debug|Any CPU.Build.0 = Debug|Any CPU
		{698A1C1C-6AAA-44A8-B55C-525642D32C4E}.Release|Any CPU.ActiveCfg = Release|Any CPU
		{698A1C1C-6AAA-44A8-B55C-525642D32C4E}.Release|Any CPU.Build.0 = Release|Any CPU
	EndGlobalSection
	GlobalSection(SolutionProperties) = preSolution
		HideSolutionNode = FALSE
	EndGlobalSection
	GlobalSection(ExtensibilityGlobals) = postSolution
		SolutionGuid = {AD29656D-0164-4CEB-9787-4E9562614F56}
	EndGlobalSection
EndGlobal
