
Microsoft Visual Studio Solution File, Format Version 12.00
# Visual Studio Version 17
VisualStudioVersion = 17.3.32901.215
MinimumVisualStudioVersion = 10.0.40219.1
Project("{9A19103F-16F7-4668-BE54-9A1E7A4F7556}") = "DefiningClasses", "DefiningClasses\DefiningClasses.csproj", "{B1363746-C5D9-4766-91C6-F19E3320ACEB}"
EndProject
Project("{9A19103F-16F7-4668-BE54-9A1E7A4F7556}") = "DateModifier", "DateModifier\DateModifier.csproj", "{70EA4499-27B8-4AD6-BD61-3DF17F6341C7}"
EndProject
Project("{9A19103F-16F7-4668-BE54-9A1E7A4F7556}") = "SpeedRacing", "SpeedRacing\SpeedRacing.csproj", "{EA54293F-9C35-4ADC-8ABD-31423FF063EB}"
EndProject
Project("{9A19103F-16F7-4668-BE54-9A1E7A4F7556}") = "RawData", "RawData\RawData.csproj", "{50E5FD7C-900B-4C2F-A6CA-D373DB6A000F}"
EndProject
Project("{9A19103F-16F7-4668-BE54-9A1E7A4F7556}") = "CarSalesman", "CarSalesman\CarSalesman.csproj", "{41E6D39B-B42C-4D2C-BAA3-B41B7C76C33A}"
EndProject
Project("{FAE04EC0-301F-11D3-BF4B-00C04F79EFBC}") = "PokemonTrainer", "PokemonTrainer\PokemonTrainer.csproj", "{BBEA9E97-2E93-415A-8FE5-7EA19B8DC302}"
EndProject
Global
	GlobalSection(SolutionConfigurationPlatforms) = preSolution
		Debug|Any CPU = Debug|Any CPU
		Release|Any CPU = Release|Any CPU
	EndGlobalSection
	GlobalSection(ProjectConfigurationPlatforms) = postSolution
		{B1363746-C5D9-4766-91C6-F19E3320ACEB}.Debug|Any CPU.ActiveCfg = Debug|Any CPU
		{B1363746-C5D9-4766-91C6-F19E3320ACEB}.Debug|Any CPU.Build.0 = Debug|Any CPU
		{B1363746-C5D9-4766-91C6-F19E3320ACEB}.Release|Any CPU.ActiveCfg = Release|Any CPU
		{B1363746-C5D9-4766-91C6-F19E3320ACEB}.Release|Any CPU.Build.0 = Release|Any CPU
		{70EA4499-27B8-4AD6-BD61-3DF17F6341C7}.Debug|Any CPU.ActiveCfg = Debug|Any CPU
		{70EA4499-27B8-4AD6-BD61-3DF17F6341C7}.Debug|Any CPU.Build.0 = Debug|Any CPU
		{70EA4499-27B8-4AD6-BD61-3DF17F6341C7}.Release|Any CPU.ActiveCfg = Release|Any CPU
		{70EA4499-27B8-4AD6-BD61-3DF17F6341C7}.Release|Any CPU.Build.0 = Release|Any CPU
		{EA54293F-9C35-4ADC-8ABD-31423FF063EB}.Debug|Any CPU.ActiveCfg = Debug|Any CPU
		{EA54293F-9C35-4ADC-8ABD-31423FF063EB}.Debug|Any CPU.Build.0 = Debug|Any CPU
		{EA54293F-9C35-4ADC-8ABD-31423FF063EB}.Release|Any CPU.ActiveCfg = Release|Any CPU
		{EA54293F-9C35-4ADC-8ABD-31423FF063EB}.Release|Any CPU.Build.0 = Release|Any CPU
		{50E5FD7C-900B-4C2F-A6CA-D373DB6A000F}.Debug|Any CPU.ActiveCfg = Debug|Any CPU
		{50E5FD7C-900B-4C2F-A6CA-D373DB6A000F}.Debug|Any CPU.Build.0 = Debug|Any CPU
		{50E5FD7C-900B-4C2F-A6CA-D373DB6A000F}.Release|Any CPU.ActiveCfg = Release|Any CPU
		{50E5FD7C-900B-4C2F-A6CA-D373DB6A000F}.Release|Any CPU.Build.0 = Release|Any CPU
		{41E6D39B-B42C-4D2C-BAA3-B41B7C76C33A}.Debug|Any CPU.ActiveCfg = Debug|Any CPU
		{41E6D39B-B42C-4D2C-BAA3-B41B7C76C33A}.Debug|Any CPU.Build.0 = Debug|Any CPU
		{41E6D39B-B42C-4D2C-BAA3-B41B7C76C33A}.Release|Any CPU.ActiveCfg = Release|Any CPU
		{41E6D39B-B42C-4D2C-BAA3-B41B7C76C33A}.Release|Any CPU.Build.0 = Release|Any CPU
		{BBEA9E97-2E93-415A-8FE5-7EA19B8DC302}.Debug|Any CPU.ActiveCfg = Debug|Any CPU
		{BBEA9E97-2E93-415A-8FE5-7EA19B8DC302}.Debug|Any CPU.Build.0 = Debug|Any CPU
		{BBEA9E97-2E93-415A-8FE5-7EA19B8DC302}.Release|Any CPU.ActiveCfg = Release|Any CPU
		{BBEA9E97-2E93-415A-8FE5-7EA19B8DC302}.Release|Any CPU.Build.0 = Release|Any CPU
	EndGlobalSection
	GlobalSection(SolutionProperties) = preSolution
		HideSolutionNode = FALSE
	EndGlobalSection
	GlobalSection(ExtensibilityGlobals) = postSolution
		SolutionGuid = {EA6F935E-D487-4551-AA75-BA02A660A0AC}
	EndGlobalSection
EndGlobal
