
Microsoft Visual Studio Solution File, Format Version 12.00
# Visual Studio Version 17
VisualStudioVersion = 17.3.32901.215
MinimumVisualStudioVersion = 10.0.40219.1
Project("{9A19103F-16F7-4668-BE54-9A1E7A4F7556}") = "ListyIterator", "ListyIterator\ListyIterator.csproj", "{72FDD073-0129-44A1-92C5-CD78BEDB576B}"
EndProject
Project("{FAE04EC0-301F-11D3-BF4B-00C04F79EFBC}") = "Stack", "Stack\Stack.csproj", "{FB04818A-BD72-4AC6-961F-914CDDC7FC90}"
EndProject
Project("{FAE04EC0-301F-11D3-BF4B-00C04F79EFBC}") = "Froggy", "Froggy\Froggy.csproj", "{3BB62309-E8B1-44C2-9C0A-F141EF126F7E}"
EndProject
Project("{FAE04EC0-301F-11D3-BF4B-00C04F79EFBC}") = "ComparingObjects", "ComparingObjects\ComparingObjects.csproj", "{5961FFBF-B218-4D8C-AD51-682B5F8D8624}"
EndProject
Project("{FAE04EC0-301F-11D3-BF4B-00C04F79EFBC}") = "CustomComparator", "CustomComparator\CustomComparator.csproj", "{DE957D00-E626-4A1D-9C57-D87B0D3BA318}"
EndProject
Global
	GlobalSection(SolutionConfigurationPlatforms) = preSolution
		Debug|Any CPU = Debug|Any CPU
		Release|Any CPU = Release|Any CPU
	EndGlobalSection
	GlobalSection(ProjectConfigurationPlatforms) = postSolution
		{72FDD073-0129-44A1-92C5-CD78BEDB576B}.Debug|Any CPU.ActiveCfg = Debug|Any CPU
		{72FDD073-0129-44A1-92C5-CD78BEDB576B}.Debug|Any CPU.Build.0 = Debug|Any CPU
		{72FDD073-0129-44A1-92C5-CD78BEDB576B}.Release|Any CPU.ActiveCfg = Release|Any CPU
		{72FDD073-0129-44A1-92C5-CD78BEDB576B}.Release|Any CPU.Build.0 = Release|Any CPU
		{FB04818A-BD72-4AC6-961F-914CDDC7FC90}.Debug|Any CPU.ActiveCfg = Debug|Any CPU
		{FB04818A-BD72-4AC6-961F-914CDDC7FC90}.Debug|Any CPU.Build.0 = Debug|Any CPU
		{FB04818A-BD72-4AC6-961F-914CDDC7FC90}.Release|Any CPU.ActiveCfg = Release|Any CPU
		{FB04818A-BD72-4AC6-961F-914CDDC7FC90}.Release|Any CPU.Build.0 = Release|Any CPU
		{3BB62309-E8B1-44C2-9C0A-F141EF126F7E}.Debug|Any CPU.ActiveCfg = Debug|Any CPU
		{3BB62309-E8B1-44C2-9C0A-F141EF126F7E}.Debug|Any CPU.Build.0 = Debug|Any CPU
		{3BB62309-E8B1-44C2-9C0A-F141EF126F7E}.Release|Any CPU.ActiveCfg = Release|Any CPU
		{3BB62309-E8B1-44C2-9C0A-F141EF126F7E}.Release|Any CPU.Build.0 = Release|Any CPU
		{5961FFBF-B218-4D8C-AD51-682B5F8D8624}.Debug|Any CPU.ActiveCfg = Debug|Any CPU
		{5961FFBF-B218-4D8C-AD51-682B5F8D8624}.Debug|Any CPU.Build.0 = Debug|Any CPU
		{5961FFBF-B218-4D8C-AD51-682B5F8D8624}.Release|Any CPU.ActiveCfg = Release|Any CPU
		{5961FFBF-B218-4D8C-AD51-682B5F8D8624}.Release|Any CPU.Build.0 = Release|Any CPU
		{DE957D00-E626-4A1D-9C57-D87B0D3BA318}.Debug|Any CPU.ActiveCfg = Debug|Any CPU
		{DE957D00-E626-4A1D-9C57-D87B0D3BA318}.Debug|Any CPU.Build.0 = Debug|Any CPU
		{DE957D00-E626-4A1D-9C57-D87B0D3BA318}.Release|Any CPU.ActiveCfg = Release|Any CPU
		{DE957D00-E626-4A1D-9C57-D87B0D3BA318}.Release|Any CPU.Build.0 = Release|Any CPU
	EndGlobalSection
	GlobalSection(SolutionProperties) = preSolution
		HideSolutionNode = FALSE
	EndGlobalSection
	GlobalSection(ExtensibilityGlobals) = postSolution
		SolutionGuid = {EB370865-3712-43B2-82D4-9595C9737B57}
	EndGlobalSection
EndGlobal
