
Microsoft Visual Studio Solution File, Format Version 12.00
# Visual Studio Version 17
VisualStudioVersion = 17.3.32901.215
MinimumVisualStudioVersion = 10.0.40219.1
Project("{FAE04EC0-301F-11D3-BF4B-00C04F79EFBC}") = "FishingNet", "FishingNet\FishingNet.csproj", "{8A5E3D0C-A9CA-41FC-B17F-509B98C81E61}"
EndProject
Project("{FAE04EC0-301F-11D3-BF4B-00C04F79EFBC}") = "BakeryShop", "BakeryShop\BakeryShop.csproj", "{8C82D5CD-23C7-4597-8123-CFB27A15C56C}"
EndProject
Global
	GlobalSection(SolutionConfigurationPlatforms) = preSolution
		Debug|Any CPU = Debug|Any CPU
		Release|Any CPU = Release|Any CPU
	EndGlobalSection
	GlobalSection(ProjectConfigurationPlatforms) = postSolution
		{8A5E3D0C-A9CA-41FC-B17F-509B98C81E61}.Debug|Any CPU.ActiveCfg = Debug|Any CPU
		{8A5E3D0C-A9CA-41FC-B17F-509B98C81E61}.Debug|Any CPU.Build.0 = Debug|Any CPU
		{8A5E3D0C-A9CA-41FC-B17F-509B98C81E61}.Release|Any CPU.ActiveCfg = Release|Any CPU
		{8A5E3D0C-A9CA-41FC-B17F-509B98C81E61}.Release|Any CPU.Build.0 = Release|Any CPU
		{8C82D5CD-23C7-4597-8123-CFB27A15C56C}.Debug|Any CPU.ActiveCfg = Debug|Any CPU
		{8C82D5CD-23C7-4597-8123-CFB27A15C56C}.Debug|Any CPU.Build.0 = Debug|Any CPU
		{8C82D5CD-23C7-4597-8123-CFB27A15C56C}.Release|Any CPU.ActiveCfg = Release|Any CPU
		{8C82D5CD-23C7-4597-8123-CFB27A15C56C}.Release|Any CPU.Build.0 = Release|Any CPU
	EndGlobalSection
	GlobalSection(SolutionProperties) = preSolution
		HideSolutionNode = FALSE
	EndGlobalSection
	GlobalSection(ExtensibilityGlobals) = postSolution
		SolutionGuid = {ADDA4799-D2D1-4DAA-92D4-EE57B45A0CFE}
	EndGlobalSection
EndGlobal
